
Microsoft Visual Studio Solution File, Format Version 12.00
# Visual Studio Version 17
VisualStudioVersion = 17.11.35312.102
MinimumVisualStudioVersion = 10.0.40219.1
Project("{FAE04EC0-301F-11D3-BF4B-00C04F79EFBC}") = "ATTApp", "ATTApp.csproj", "{C21D82E4-3BD0-48F2-9B9D-2CAC12D6DCA9}"
EndProject
Global
	GlobalSection(SolutionConfigurationPlatforms) = preSolution
		Debug|Any CPU = Debug|Any CPU
		Release|Any CPU = Release|Any CPU
	EndGlobalSection
	GlobalSection(ProjectConfigurationPlatforms) = postSolution
		{C21D82E4-3BD0-48F2-9B9D-2CAC12D6DCA9}.Debug|Any CPU.ActiveCfg = Debug|Any CPU
		{C21D82E4-3BD0-48F2-9B9D-2CAC12D6DCA9}.Debug|Any CPU.Build.0 = Debug|Any CPU
		{C21D82E4-3BD0-48F2-9B9D-2CAC12D6DCA9}.Release|Any CPU.ActiveCfg = Release|Any CPU
		{C21D82E4-3BD0-48F2-9B9D-2CAC12D6DCA9}.Release|Any CPU.Build.0 = Release|Any CPU
	EndGlobalSection
	GlobalSection(SolutionProperties) = preSolution
		HideSolutionNode = FALSE
	EndGlobalSection
	GlobalSection(ExtensibilityGlobals) = postSolution
		SolutionGuid = {B4833389-45A6-44CE-AFF8-E5B7EBA3B76D}
	EndGlobalSection
EndGlobal
